
Microsoft Visual Studio Solution File, Format Version 12.00
# Visual Studio Version 17
VisualStudioVersion = 17.14.36212.18
MinimumVisualStudioVersion = 10.0.40219.1
Project("{8BC9CEB8-8B4A-11D0-8D11-00A0C91BC942}") = "Allocator", "Allocator\Allocator.vcxproj", "{BEC9A8CF-CFA7-4AA2-B935-C15B1536C2A8}"
EndProject
Project("{8BC9CEB8-8B4A-11D0-8D11-00A0C91BC942}") = "Json_Parser_Wrapping", "Json_Parser_Wrapping\Json_Parser_Wrapping.vcxproj", "{8A52B129-8F85-435B-94C4-F136284ED42B}"
EndProject
Project("{8BC9CEB8-8B4A-11D0-8D11-00A0C91BC942}") = "Allocator_Test", "Allocator_Test\Allocator_Test.vcxproj", "{6B48A9FA-E8C2-408B-A920-F9DD819D05EA}"
EndProject
Project("{8BC9CEB8-8B4A-11D0-8D11-00A0C91BC942}") = "Json_Parser_Wrapping_Test", "Json_Parser_Wrapping_Test\Json_Parser_Wrapping_Test.vcxproj", "{3574747F-D480-407D-83BE-DA8649A54200}"
EndProject
Project("{8BC9CEB8-8B4A-11D0-8D11-00A0C91BC942}") = "Window", "Window\Window.vcxproj", "{C6B5B357-D24E-4CE6-95AC-2532A743BAA7}"
EndProject
Project("{8BC9CEB8-8B4A-11D0-8D11-00A0C91BC942}") = "Window_Test", "Window_Test\Window_Test.vcxproj", "{450E9088-A46C-42C1-B156-7B7FFBF74011}"
EndProject
Global
	GlobalSection(SolutionConfigurationPlatforms) = preSolution
		Debug|x64 = Debug|x64
		Debug|x86 = Debug|x86
		Release|x64 = Release|x64
		Release|x86 = Release|x86
	EndGlobalSection
	GlobalSection(ProjectConfigurationPlatforms) = postSolution
		{BEC9A8CF-CFA7-4AA2-B935-C15B1536C2A8}.Debug|x64.ActiveCfg = Debug|x64
		{BEC9A8CF-CFA7-4AA2-B935-C15B1536C2A8}.Debug|x64.Build.0 = Debug|x64
		{BEC9A8CF-CFA7-4AA2-B935-C15B1536C2A8}.Debug|x86.ActiveCfg = Debug|Win32
		{BEC9A8CF-CFA7-4AA2-B935-C15B1536C2A8}.Debug|x86.Build.0 = Debug|Win32
		{BEC9A8CF-CFA7-4AA2-B935-C15B1536C2A8}.Release|x64.ActiveCfg = Release|x64
		{BEC9A8CF-CFA7-4AA2-B935-C15B1536C2A8}.Release|x64.Build.0 = Release|x64
		{BEC9A8CF-CFA7-4AA2-B935-C15B1536C2A8}.Release|x86.ActiveCfg = Release|Win32
		{BEC9A8CF-CFA7-4AA2-B935-C15B1536C2A8}.Release|x86.Build.0 = Release|Win32
		{8A52B129-8F85-435B-94C4-F136284ED42B}.Debug|x64.ActiveCfg = Debug|x64
		{8A52B129-8F85-435B-94C4-F136284ED42B}.Debug|x64.Build.0 = Debug|x64
		{8A52B129-8F85-435B-94C4-F136284ED42B}.Debug|x86.ActiveCfg = Debug|Win32
		{8A52B129-8F85-435B-94C4-F136284ED42B}.Debug|x86.Build.0 = Debug|Win32
		{8A52B129-8F85-435B-94C4-F136284ED42B}.Release|x64.ActiveCfg = Release|x64
		{8A52B129-8F85-435B-94C4-F136284ED42B}.Release|x64.Build.0 = Release|x64
		{8A52B129-8F85-435B-94C4-F136284ED42B}.Release|x86.ActiveCfg = Release|Win32
		{8A52B129-8F85-435B-94C4-F136284ED42B}.Release|x86.Build.0 = Release|Win32
		{6B48A9FA-E8C2-408B-A920-F9DD819D05EA}.Debug|x64.ActiveCfg = Debug|x64
		{6B48A9FA-E8C2-408B-A920-F9DD819D05EA}.Debug|x64.Build.0 = Debug|x64
		{6B48A9FA-E8C2-408B-A920-F9DD819D05EA}.Debug|x86.ActiveCfg = Debug|Win32
		{6B48A9FA-E8C2-408B-A920-F9DD819D05EA}.Debug|x86.Build.0 = Debug|Win32
		{6B48A9FA-E8C2-408B-A920-F9DD819D05EA}.Release|x64.ActiveCfg = Release|x64
		{6B48A9FA-E8C2-408B-A920-F9DD819D05EA}.Release|x64.Build.0 = Release|x64
		{6B48A9FA-E8C2-408B-A920-F9DD819D05EA}.Release|x86.ActiveCfg = Release|Win32
		{6B48A9FA-E8C2-408B-A920-F9DD819D05EA}.Release|x86.Build.0 = Release|Win32
		{3574747F-D480-407D-83BE-DA8649A54200}.Debug|x64.ActiveCfg = Debug|x64
		{3574747F-D480-407D-83BE-DA8649A54200}.Debug|x64.Build.0 = Debug|x64
		{3574747F-D480-407D-83BE-DA8649A54200}.Debug|x86.ActiveCfg = Debug|Win32
		{3574747F-D480-407D-83BE-DA8649A54200}.Debug|x86.Build.0 = Debug|Win32
		{3574747F-D480-407D-83BE-DA8649A54200}.Release|x64.ActiveCfg = Release|x64
		{3574747F-D480-407D-83BE-DA8649A54200}.Release|x64.Build.0 = Release|x64
		{3574747F-D480-407D-83BE-DA8649A54200}.Release|x86.ActiveCfg = Release|Win32
		{3574747F-D480-407D-83BE-DA8649A54200}.Release|x86.Build.0 = Release|Win32
		{C6B5B357-D24E-4CE6-95AC-2532A743BAA7}.Debug|x64.ActiveCfg = Debug|x64
		{C6B5B357-D24E-4CE6-95AC-2532A743BAA7}.Debug|x64.Build.0 = Debug|x64
		{C6B5B357-D24E-4CE6-95AC-2532A743BAA7}.Debug|x86.ActiveCfg = Debug|Win32
		{C6B5B357-D24E-4CE6-95AC-2532A743BAA7}.Debug|x86.Build.0 = Debug|Win32
		{C6B5B357-D24E-4CE6-95AC-2532A743BAA7}.Release|x64.ActiveCfg = Release|x64
		{C6B5B357-D24E-4CE6-95AC-2532A743BAA7}.Release|x64.Build.0 = Release|x64
		{C6B5B357-D24E-4CE6-95AC-2532A743BAA7}.Release|x86.ActiveCfg = Release|Win32
		{C6B5B357-D24E-4CE6-95AC-2532A743BAA7}.Release|x86.Build.0 = Release|Win32
		{450E9088-A46C-42C1-B156-7B7FFBF74011}.Debug|x64.ActiveCfg = Debug|x64
		{450E9088-A46C-42C1-B156-7B7FFBF74011}.Debug|x64.Build.0 = Debug|x64
		{450E9088-A46C-42C1-B156-7B7FFBF74011}.Debug|x86.ActiveCfg = Debug|Win32
		{450E9088-A46C-42C1-B156-7B7FFBF74011}.Debug|x86.Build.0 = Debug|Win32
		{450E9088-A46C-42C1-B156-7B7FFBF74011}.Release|x64.ActiveCfg = Release|x64
		{450E9088-A46C-42C1-B156-7B7FFBF74011}.Release|x64.Build.0 = Release|x64
		{450E9088-A46C-42C1-B156-7B7FFBF74011}.Release|x86.ActiveCfg = Release|Win32
		{450E9088-A46C-42C1-B156-7B7FFBF74011}.Release|x86.Build.0 = Release|Win32
	EndGlobalSection
	GlobalSection(SolutionProperties) = preSolution
		HideSolutionNode = FALSE
	EndGlobalSection
	GlobalSection(ExtensibilityGlobals) = postSolution
		SolutionGuid = {815A1F1C-54AD-49B8-A638-12A5075E7E4F}
	EndGlobalSection
EndGlobal
